{
  "name": "vue-htmlize",
  "version": "1.0.1",
  "lockfileVersion": 2,
  "requires": true,
  "packages": {
    "": {
      "name": "vue-htmlize",
      "version": "1.0.1",
      "license": "ISC",
      "dependencies": {
        "vue-htmlize": "^1.0.1"
      }
    },
    "node_modules/vue-htmlize": {
      "version": "1.0.1",
      "resolved": "https://registry.npmjs.org/vue-htmlize/-/vue-htmlize-1.0.1.tgz",
      "integrity": "sha512-noynWMEBUY3MgRhKctWPMko/fA/vTMvsV/NoihjMrlzqZmDdAi7uPHCSO+MBEdowMQHEuxH6I8s2Y0lWb4gizA=="
    }
  },
  "dependencies": {
    "vue-htmlize": {
      "version": "1.0.1",
      "resolved": "https://registry.npmjs.org/vue-htmlize/-/vue-htmlize-1.0.1.tgz",
      "integrity": "sha512-noynWMEBUY3MgRhKctWPMko/fA/vTMvsV/NoihjMrlzqZmDdAi7uPHCSO+MBEdowMQHEuxH6I8s2Y0lWb4gizA=="
    }
  }
}
